
Microsoft Visual Studio Solution File, Format Version 12.00
# Visual Studio Version 16
VisualStudioVersion = 16.0.30413.136
MinimumVisualStudioVersion = 10.0.40219.1
Project("{FAE04EC0-301F-11D3-BF4B-00C04F79EFBC}") = "Snake", "Snake.csproj", "{B3CEEAA4-F3FA-40E8-8FF2-8FAAA7117756}"
EndProject
Global
	GlobalSection(SolutionConfigurationPlatforms) = preSolution
		Debug|Any CPU = Debug|Any CPU
		Release|Any CPU = Release|Any CPU
	EndGlobalSection
	GlobalSection(ProjectConfigurationPlatforms) = postSolution
		{B3CEEAA4-F3FA-40E8-8FF2-8FAAA7117756}.Debug|Any CPU.ActiveCfg = Debug|Any CPU
		{B3CEEAA4-F3FA-40E8-8FF2-8FAAA7117756}.Debug|Any CPU.Build.0 = Debug|Any CPU
		{B3CEEAA4-F3FA-40E8-8FF2-8FAAA7117756}.Release|Any CPU.ActiveCfg = Release|Any CPU
		{B3CEEAA4-F3FA-40E8-8FF2-8FAAA7117756}.Release|Any CPU.Build.0 = Release|Any CPU
	EndGlobalSection
	GlobalSection(SolutionProperties) = preSolution
		HideSolutionNode = FALSE
	EndGlobalSection
	GlobalSection(ExtensibilityGlobals) = postSolution
		SolutionGuid = {E31A09F6-EA97-44B1-BB2A-32601892D7CD}
	EndGlobalSection
EndGlobal
